
Microsoft Visual Studio Solution File, Format Version 12.00
# Visual Studio Version 16
VisualStudioVersion = 16.0.30320.27
MinimumVisualStudioVersion = 10.0.40219.1
Project("{FAE04EC0-301F-11D3-BF4B-00C04F79EFBC}") = "Lib_LN_Producto", "Lib_LN_Producto\Lib_LN_Producto.csproj", "{23FF147E-A750-4CC1-8064-B8651625E2D1}"
EndProject
Global
	GlobalSection(SolutionConfigurationPlatforms) = preSolution
		Debug|Any CPU = Debug|Any CPU
		Release|Any CPU = Release|Any CPU
	EndGlobalSection
	GlobalSection(ProjectConfigurationPlatforms) = postSolution
		{23FF147E-A750-4CC1-8064-B8651625E2D1}.Debug|Any CPU.ActiveCfg = Debug|Any CPU
		{23FF147E-A750-4CC1-8064-B8651625E2D1}.Debug|Any CPU.Build.0 = Debug|Any CPU
		{23FF147E-A750-4CC1-8064-B8651625E2D1}.Release|Any CPU.ActiveCfg = Release|Any CPU
		{23FF147E-A750-4CC1-8064-B8651625E2D1}.Release|Any CPU.Build.0 = Release|Any CPU
	EndGlobalSection
	GlobalSection(SolutionProperties) = preSolution
		HideSolutionNode = FALSE
	EndGlobalSection
	GlobalSection(ExtensibilityGlobals) = postSolution
		SolutionGuid = {DD031F2B-0A28-4442-BB75-ADCAB40D4BB3}
	EndGlobalSection
EndGlobal
