
Microsoft Visual Studio Solution File, Format Version 12.00
# Visual Studio Version 16
VisualStudioVersion = 16.0.30320.27
MinimumVisualStudioVersion = 10.0.40219.1
Project("{FAE04EC0-301F-11D3-BF4B-00C04F79EFBC}") = "AppConsumir", "AppConsumir\AppConsumir.csproj", "{10C37C97-7448-4DF9-8EC3-EA13A0673ADF}"
EndProject
Global
	GlobalSection(SolutionConfigurationPlatforms) = preSolution
		Debug|Any CPU = Debug|Any CPU
		Release|Any CPU = Release|Any CPU
	EndGlobalSection
	GlobalSection(ProjectConfigurationPlatforms) = postSolution
		{10C37C97-7448-4DF9-8EC3-EA13A0673ADF}.Debug|Any CPU.ActiveCfg = Debug|Any CPU
		{10C37C97-7448-4DF9-8EC3-EA13A0673ADF}.Debug|Any CPU.Build.0 = Debug|Any CPU
		{10C37C97-7448-4DF9-8EC3-EA13A0673ADF}.Release|Any CPU.ActiveCfg = Release|Any CPU
		{10C37C97-7448-4DF9-8EC3-EA13A0673ADF}.Release|Any CPU.Build.0 = Release|Any CPU
	EndGlobalSection
	GlobalSection(SolutionProperties) = preSolution
		HideSolutionNode = FALSE
	EndGlobalSection
	GlobalSection(ExtensibilityGlobals) = postSolution
		SolutionGuid = {D757352E-8964-4028-87A1-E15E0F1168BA}
	EndGlobalSection
EndGlobal
